
Microsoft Visual Studio Solution File, Format Version 12.00
# Visual Studio Version 17
VisualStudioVersion = 17.3.32929.385
MinimumVisualStudioVersion = 10.0.40219.1
Project("{FAE04EC0-301F-11D3-BF4B-00C04F79EFBC}") = "Views", "Views\Views.csproj", "{DF9A9087-EEAE-4071-A528-83461379CC39}"
EndProject
Project("{FAE04EC0-301F-11D3-BF4B-00C04F79EFBC}") = "Dao", "Dao\Dao.csproj", "{BF5E423A-E5B5-4A3B-82E0-F6B4120D96FB}"
EndProject
Project("{FAE04EC0-301F-11D3-BF4B-00C04F79EFBC}") = "Model", "Model\Model.csproj", "{7017C41E-81DE-40DA-9523-57BB15BC81F4}"
EndProject
Global
	GlobalSection(SolutionConfigurationPlatforms) = preSolution
		Debug|Any CPU = Debug|Any CPU
		Release|Any CPU = Release|Any CPU
	EndGlobalSection
	GlobalSection(ProjectConfigurationPlatforms) = postSolution
		{DF9A9087-EEAE-4071-A528-83461379CC39}.Debug|Any CPU.ActiveCfg = Debug|Any CPU
		{DF9A9087-EEAE-4071-A528-83461379CC39}.Debug|Any CPU.Build.0 = Debug|Any CPU
		{DF9A9087-EEAE-4071-A528-83461379CC39}.Release|Any CPU.ActiveCfg = Release|Any CPU
		{DF9A9087-EEAE-4071-A528-83461379CC39}.Release|Any CPU.Build.0 = Release|Any CPU
		{BF5E423A-E5B5-4A3B-82E0-F6B4120D96FB}.Debug|Any CPU.ActiveCfg = Debug|Any CPU
		{BF5E423A-E5B5-4A3B-82E0-F6B4120D96FB}.Debug|Any CPU.Build.0 = Debug|Any CPU
		{BF5E423A-E5B5-4A3B-82E0-F6B4120D96FB}.Release|Any CPU.ActiveCfg = Release|Any CPU
		{BF5E423A-E5B5-4A3B-82E0-F6B4120D96FB}.Release|Any CPU.Build.0 = Release|Any CPU
		{7017C41E-81DE-40DA-9523-57BB15BC81F4}.Debug|Any CPU.ActiveCfg = Debug|Any CPU
		{7017C41E-81DE-40DA-9523-57BB15BC81F4}.Debug|Any CPU.Build.0 = Debug|Any CPU
		{7017C41E-81DE-40DA-9523-57BB15BC81F4}.Release|Any CPU.ActiveCfg = Release|Any CPU
		{7017C41E-81DE-40DA-9523-57BB15BC81F4}.Release|Any CPU.Build.0 = Release|Any CPU
	EndGlobalSection
	GlobalSection(SolutionProperties) = preSolution
		HideSolutionNode = FALSE
	EndGlobalSection
	GlobalSection(ExtensibilityGlobals) = postSolution
		SolutionGuid = {A338F4AC-5B40-49A7-80F2-3F63BE7697EB}
	EndGlobalSection
EndGlobal
